# This file is machine-generated by `gh actions-lock`.
# Do not edit by hand; run `gh actions-lock` to update.
# Docs: https://gh.io/actions-lockfile
version: 'v0.0.2'
workflows:
    '.github/workflows/ci-cd.yaml':
        - 'actions/checkout@v4.2.0'
        - 'actions/setup-node@v4.1.0'
        - 'actions/upload-artifact@v4.4.0'
        - 'aquasecurity/trivy-action@v0.36.0'
        - 'github/codeql-action@v3.27.0'
dependencies:
    'actions/cache@27d5ce7f107fe9357f9df03efb73ab90386fccae':
        ref: 'v5.0.5'
        commit: 'sha1-27d5ce7f107fe9357f9df03efb73ab90386fccae'
        owner_id: 44036562
        repo_id: 215566462
    'actions/cache@9255dc7a253b0ccc959486e2bca901246202afeb':
        ref: 'v5.0.1'
        commit: 'sha1-9255dc7a253b0ccc959486e2bca901246202afeb'
        owner_id: 44036562
        repo_id: 215566462
    'actions/checkout@8e8c483db84b4bee98b60c0593521ed34d9990e8':
        ref: 'v6.0.1'
        commit: 'sha1-8e8c483db84b4bee98b60c0593521ed34d9990e8'
        owner_id: 44036562
        repo_id: 197814629
    'actions/checkout@v4.2.0':
        ref: 'v4.2.0'
        commit: 'sha1-d632683dd7b4114ad314bca15554477dd762a938'
        owner_id: 44036562
        repo_id: 197814629
    'actions/setup-node@v4.1.0':
        ref: 'v4.1.0'
        commit: 'sha1-39370e3970a6d050c480ffad4ff0ed4d3fdee5af'
        owner_id: 44036562
        repo_id: 189476904
    'actions/upload-artifact@v4.4.0':
        ref: 'v4.4.0'
        commit: 'sha1-50769540e7f4bd5e21e526ee35c689e35e0d6874'
        owner_id: 44036562
        repo_id: 192625955
    'aquasecurity/setup-trivy@3fb12ec12f41e471780db15c232d5dd185dcb514':
        ref: 'v0.2.6'
        commit: 'sha1-3fb12ec12f41e471780db15c232d5dd185dcb514'
        owner_id: 12783832
        repo_id: 869952525
        uses:
            - 'actions/cache@9255dc7a253b0ccc959486e2bca901246202afeb'
            - 'actions/checkout@8e8c483db84b4bee98b60c0593521ed34d9990e8'
    'aquasecurity/trivy-action@v0.36.0':
        ref: 'v0.36.0'
        commit: 'sha1-ed142fd0673e97e23eac54620cfb913e5ce36c25'
        owner_id: 12783832
        repo_id: 268833180
        uses:
            - 'actions/cache@27d5ce7f107fe9357f9df03efb73ab90386fccae'
            - 'aquasecurity/setup-trivy@3fb12ec12f41e471780db15c232d5dd185dcb514'
    'github/codeql-action@v3.27.0':
        ref: 'v3.27.0'
        commit: 'sha1-662472033e021d55d94146f66f6058822b0b39fd'
        owner_id: 9919
        repo_id: 259445878
